
Microsoft Visual Studio Solution File, Format Version 12.00
# Visual Studio 14
VisualStudioVersion = 14.0.25420.1
MinimumVisualStudioVersion = 10.0.40219.1
Project("{2150E333-8FDC-42A3-9474-1A3956D46DE8}") = "Tools", "Tools", "{FB4ED8D2-4CDF-49A3-97C7-FD814755C451}"
EndProject
Project("{2150E333-8FDC-42A3-9474-1A3956D46DE8}") = "String", "String", "{6BBA6926-5043-410C-A5AA-B32F2DF45C6A}"
EndProject
Project("{FAE04EC0-301F-11D3-BF4B-00C04F79EFBC}") = "String", "Tools\String\String\String.csproj", "{0995110C-7438-421F-9577-998649CC771B}"
EndProject
Project("{2150E333-8FDC-42A3-9474-1A3956D46DE8}") = "FetchXML", "FetchXML", "{F18270A6-F1C7-43AD-93BE-BC651F58252F}"
EndProject
Project("{FAE04EC0-301F-11D3-BF4B-00C04F79EFBC}") = "FetchXML", "Tools\FetchXML\FetchXML\FetchXML.csproj", "{528BBF4F-24BA-4D74-9546-93D88940C1AC}"
EndProject
Project("{2150E333-8FDC-42A3-9474-1A3956D46DE8}") = "Web", "Web", "{CB5A1130-6B2E-4786-813E-E200C4F6573C}"
EndProject
Project("{FAE04EC0-301F-11D3-BF4B-00C04F79EFBC}") = "Web", "Tools\Web\Web\Web.csproj", "{4B38A1F0-EF7C-491C-8FD7-8618CD9689F3}"
EndProject
Project("{2150E333-8FDC-42A3-9474-1A3956D46DE8}") = "Variable", "Variable", "{8BBFD70C-9E18-4548-99F9-5F1D59689514}"
EndProject
Project("{FAE04EC0-301F-11D3-BF4B-00C04F79EFBC}") = "Variable", "Tools\Variable\Variable\Variable.csproj", "{6CA0700B-3AAC-4F64-A90F-99933D94D2F3}"
EndProject
Project("{FAE04EC0-301F-11D3-BF4B-00C04F79EFBC}") = "Variable Tests", "Tools\Variable\Variable Tests\Variable Tests.csproj", "{E9A24AF1-0533-43EB-BD64-9928514BEF3F}"
EndProject
Project("{2150E333-8FDC-42A3-9474-1A3956D46DE8}") = "User", "User", "{1697C91F-DBC5-480C-A3BC-5525E29DE133}"
EndProject
Project("{FAE04EC0-301F-11D3-BF4B-00C04F79EFBC}") = "User", "Tools\User\User\User.csproj", "{9903EBDE-F29B-4A64-8BD2-24E07FD5AD74}"
EndProject
Project("{FAE04EC0-301F-11D3-BF4B-00C04F79EFBC}") = "String Tests", "Tools\String\String Tests\String Tests.csproj", "{CD7E81E7-1CC9-464B-9A18-588EBFB9EC1D}"
EndProject
Project("{2150E333-8FDC-42A3-9474-1A3956D46DE8}") = "PDF", "PDF", "{1D999D3C-F6DF-4246-B0ED-8506216E70C8}"
EndProject
Project("{FAE04EC0-301F-11D3-BF4B-00C04F79EFBC}") = "PDF", "Tools\PDF\PDF\PDF.csproj", "{1FDF56DD-0FB9-47A2-8241-A1EEA2823861}"
EndProject
Project("{2150E333-8FDC-42A3-9474-1A3956D46DE8}") = "JSON", "JSON", "{2C3D8D6B-40C2-416E-87F0-B958BDD73346}"
EndProject
Project("{FAE04EC0-301F-11D3-BF4B-00C04F79EFBC}") = "JSON", "Tools\JSON\JSON\JSON.csproj", "{AB67CE04-B7A8-4981-9ACD-3729C84CCFE3}"
EndProject
Project("{FAE04EC0-301F-11D3-BF4B-00C04F79EFBC}") = "JSON Tests", "Tools\JSON\JSON Tests\JSON Tests.csproj", "{E0D70FC5-AC9E-410A-B0AF-9B9E8BE11EB6}"
EndProject
Project("{2150E333-8FDC-42A3-9474-1A3956D46DE8}") = "File", "File", "{2380DF60-9772-480E-922E-331D6DD30D6B}"
EndProject
Project("{FAE04EC0-301F-11D3-BF4B-00C04F79EFBC}") = "File", "Tools\File\File\File.csproj", "{5C2F2331-F71C-4CA3-BB94-31F31998ED22}"
EndProject
Project("{2150E333-8FDC-42A3-9474-1A3956D46DE8}") = "Entity", "Entity", "{5BB903A7-F254-4D58-8A26-C03ADD7743A2}"
EndProject
Project("{FAE04EC0-301F-11D3-BF4B-00C04F79EFBC}") = "Entity", "Tools\Entity\Entity\Entity.csproj", "{64ABA335-848E-4C2B-8C77-826610D76F6C}"
EndProject
Project("{2150E333-8FDC-42A3-9474-1A3956D46DE8}") = "E-mail", "E-mail", "{CC41A44F-5AFE-4F26-8993-51F0436F5D43}"
EndProject
Project("{FAE04EC0-301F-11D3-BF4B-00C04F79EFBC}") = "E-mail", "Tools\E-mail\E-mail\E-mail.csproj", "{82EF36C6-48A3-4F73-83A1-0A1A7834025B}"
EndProject
Project("{2150E333-8FDC-42A3-9474-1A3956D46DE8}") = "Date", "Date", "{FA51A1E6-9E6B-4B82-85D5-B107B060A1F8}"
EndProject
Project("{FAE04EC0-301F-11D3-BF4B-00C04F79EFBC}") = "Date", "Tools\Date\Date\Date.csproj", "{E80ADB15-5B01-4CF1-9929-1F5343080A0D}"
EndProject
Project("{FAE04EC0-301F-11D3-BF4B-00C04F79EFBC}") = "Date Tests", "Tools\Date\Date Tests\Date Tests.csproj", "{E5FDD3B0-B1DD-49D8-8816-EFD1468D97E6}"
EndProject
Project("{2150E333-8FDC-42A3-9474-1A3956D46DE8}") = "DaData", "DaData", "{503EE20E-C61D-4062-9305-BE45A20B9DA8}"
EndProject
Project("{FAE04EC0-301F-11D3-BF4B-00C04F79EFBC}") = "DaData", "Tools\DaData\DaData\DaData.csproj", "{E06E4993-27E7-43E7-8A41-4C45006723FC}"
EndProject
Project("{2150E333-8FDC-42A3-9474-1A3956D46DE8}") = "RabbitMQ", "RabbitMQ", "{D999F126-8212-4487-AAE1-B518890F8617}"
EndProject
Project("{FAE04EC0-301F-11D3-BF4B-00C04F79EFBC}") = "RabbitMQ", "Tools\RabbitMQ\RabbitMQ\RabbitMQ.csproj", "{0B967D41-C3F7-49D5-9280-70C59004E5D2}"
EndProject
Project("{FAE04EC0-301F-11D3-BF4B-00C04F79EFBC}") = "RabbitMQ Tests", "Tools\RabbitMQ\RabbitMQ Tests\RabbitMQ Tests.csproj", "{10CD4AF7-2DFC-4F3E-A000-E8DC0374FAB7}"
EndProject
Project("{2150E333-8FDC-42A3-9474-1A3956D46DE8}") = "Debug", "Debug", "{9DB7BAF7-7348-45D2-91C1-25DE91B94DEF}"
EndProject
Project("{FAE04EC0-301F-11D3-BF4B-00C04F79EFBC}") = "Debug", "Tools\Debug\Debug\Debug.csproj", "{9E7E8F39-1FE1-4F15-852C-4B344AAFE5C5}"
EndProject
Project("{2150E333-8FDC-42A3-9474-1A3956D46DE8}") = "UI", "UI", "{0D8AE14A-617A-4C1F-9FD1-9750907F9277}"
EndProject
Project("{FAE04EC0-301F-11D3-BF4B-00C04F79EFBC}") = "UI", "Tools\UI\UI\UI.csproj", "{A4988BBA-8E86-4AC4-BCE1-25377FA24E44}"
EndProject
Global
	GlobalSection(SolutionConfigurationPlatforms) = preSolution
		Debug|Any CPU = Debug|Any CPU
		Release|Any CPU = Release|Any CPU
	EndGlobalSection
	GlobalSection(ProjectConfigurationPlatforms) = postSolution
		{0995110C-7438-421F-9577-998649CC771B}.Debug|Any CPU.ActiveCfg = Debug|Any CPU
		{0995110C-7438-421F-9577-998649CC771B}.Debug|Any CPU.Build.0 = Debug|Any CPU
		{0995110C-7438-421F-9577-998649CC771B}.Release|Any CPU.ActiveCfg = Release|Any CPU
		{0995110C-7438-421F-9577-998649CC771B}.Release|Any CPU.Build.0 = Release|Any CPU
		{528BBF4F-24BA-4D74-9546-93D88940C1AC}.Debug|Any CPU.ActiveCfg = Debug|Any CPU
		{528BBF4F-24BA-4D74-9546-93D88940C1AC}.Debug|Any CPU.Build.0 = Debug|Any CPU
		{528BBF4F-24BA-4D74-9546-93D88940C1AC}.Release|Any CPU.ActiveCfg = Release|Any CPU
		{528BBF4F-24BA-4D74-9546-93D88940C1AC}.Release|Any CPU.Build.0 = Release|Any CPU
		{4B38A1F0-EF7C-491C-8FD7-8618CD9689F3}.Debug|Any CPU.ActiveCfg = Debug|Any CPU
		{4B38A1F0-EF7C-491C-8FD7-8618CD9689F3}.Debug|Any CPU.Build.0 = Debug|Any CPU
		{4B38A1F0-EF7C-491C-8FD7-8618CD9689F3}.Release|Any CPU.ActiveCfg = Release|Any CPU
		{4B38A1F0-EF7C-491C-8FD7-8618CD9689F3}.Release|Any CPU.Build.0 = Release|Any CPU
		{6CA0700B-3AAC-4F64-A90F-99933D94D2F3}.Debug|Any CPU.ActiveCfg = Debug|Any CPU
		{6CA0700B-3AAC-4F64-A90F-99933D94D2F3}.Debug|Any CPU.Build.0 = Debug|Any CPU
		{6CA0700B-3AAC-4F64-A90F-99933D94D2F3}.Release|Any CPU.ActiveCfg = Release|Any CPU
		{6CA0700B-3AAC-4F64-A90F-99933D94D2F3}.Release|Any CPU.Build.0 = Release|Any CPU
		{E9A24AF1-0533-43EB-BD64-9928514BEF3F}.Debug|Any CPU.ActiveCfg = Debug|Any CPU
		{E9A24AF1-0533-43EB-BD64-9928514BEF3F}.Debug|Any CPU.Build.0 = Debug|Any CPU
		{E9A24AF1-0533-43EB-BD64-9928514BEF3F}.Release|Any CPU.ActiveCfg = Release|Any CPU
		{E9A24AF1-0533-43EB-BD64-9928514BEF3F}.Release|Any CPU.Build.0 = Release|Any CPU
		{9903EBDE-F29B-4A64-8BD2-24E07FD5AD74}.Debug|Any CPU.ActiveCfg = Debug|Any CPU
		{9903EBDE-F29B-4A64-8BD2-24E07FD5AD74}.Debug|Any CPU.Build.0 = Debug|Any CPU
		{9903EBDE-F29B-4A64-8BD2-24E07FD5AD74}.Release|Any CPU.ActiveCfg = Release|Any CPU
		{9903EBDE-F29B-4A64-8BD2-24E07FD5AD74}.Release|Any CPU.Build.0 = Release|Any CPU
		{CD7E81E7-1CC9-464B-9A18-588EBFB9EC1D}.Debug|Any CPU.ActiveCfg = Debug|Any CPU
		{CD7E81E7-1CC9-464B-9A18-588EBFB9EC1D}.Debug|Any CPU.Build.0 = Debug|Any CPU
		{CD7E81E7-1CC9-464B-9A18-588EBFB9EC1D}.Release|Any CPU.ActiveCfg = Release|Any CPU
		{CD7E81E7-1CC9-464B-9A18-588EBFB9EC1D}.Release|Any CPU.Build.0 = Release|Any CPU
		{1FDF56DD-0FB9-47A2-8241-A1EEA2823861}.Debug|Any CPU.ActiveCfg = Debug|Any CPU
		{1FDF56DD-0FB9-47A2-8241-A1EEA2823861}.Debug|Any CPU.Build.0 = Debug|Any CPU
		{1FDF56DD-0FB9-47A2-8241-A1EEA2823861}.Release|Any CPU.ActiveCfg = Release|Any CPU
		{1FDF56DD-0FB9-47A2-8241-A1EEA2823861}.Release|Any CPU.Build.0 = Release|Any CPU
		{AB67CE04-B7A8-4981-9ACD-3729C84CCFE3}.Debug|Any CPU.ActiveCfg = Debug|Any CPU
		{AB67CE04-B7A8-4981-9ACD-3729C84CCFE3}.Debug|Any CPU.Build.0 = Debug|Any CPU
		{AB67CE04-B7A8-4981-9ACD-3729C84CCFE3}.Release|Any CPU.ActiveCfg = Release|Any CPU
		{AB67CE04-B7A8-4981-9ACD-3729C84CCFE3}.Release|Any CPU.Build.0 = Release|Any CPU
		{E0D70FC5-AC9E-410A-B0AF-9B9E8BE11EB6}.Debug|Any CPU.ActiveCfg = Debug|Any CPU
		{E0D70FC5-AC9E-410A-B0AF-9B9E8BE11EB6}.Debug|Any CPU.Build.0 = Debug|Any CPU
		{E0D70FC5-AC9E-410A-B0AF-9B9E8BE11EB6}.Release|Any CPU.ActiveCfg = Release|Any CPU
		{E0D70FC5-AC9E-410A-B0AF-9B9E8BE11EB6}.Release|Any CPU.Build.0 = Release|Any CPU
		{5C2F2331-F71C-4CA3-BB94-31F31998ED22}.Debug|Any CPU.ActiveCfg = Debug|Any CPU
		{5C2F2331-F71C-4CA3-BB94-31F31998ED22}.Debug|Any CPU.Build.0 = Debug|Any CPU
		{5C2F2331-F71C-4CA3-BB94-31F31998ED22}.Release|Any CPU.ActiveCfg = Release|Any CPU
		{5C2F2331-F71C-4CA3-BB94-31F31998ED22}.Release|Any CPU.Build.0 = Release|Any CPU
		{64ABA335-848E-4C2B-8C77-826610D76F6C}.Debug|Any CPU.ActiveCfg = Debug|Any CPU
		{64ABA335-848E-4C2B-8C77-826610D76F6C}.Debug|Any CPU.Build.0 = Debug|Any CPU
		{64ABA335-848E-4C2B-8C77-826610D76F6C}.Release|Any CPU.ActiveCfg = Release|Any CPU
		{64ABA335-848E-4C2B-8C77-826610D76F6C}.Release|Any CPU.Build.0 = Release|Any CPU
		{82EF36C6-48A3-4F73-83A1-0A1A7834025B}.Debug|Any CPU.ActiveCfg = Debug|Any CPU
		{82EF36C6-48A3-4F73-83A1-0A1A7834025B}.Debug|Any CPU.Build.0 = Debug|Any CPU
		{82EF36C6-48A3-4F73-83A1-0A1A7834025B}.Release|Any CPU.ActiveCfg = Release|Any CPU
		{82EF36C6-48A3-4F73-83A1-0A1A7834025B}.Release|Any CPU.Build.0 = Release|Any CPU
		{E80ADB15-5B01-4CF1-9929-1F5343080A0D}.Debug|Any CPU.ActiveCfg = Debug|Any CPU
		{E80ADB15-5B01-4CF1-9929-1F5343080A0D}.Debug|Any CPU.Build.0 = Debug|Any CPU
		{E80ADB15-5B01-4CF1-9929-1F5343080A0D}.Release|Any CPU.ActiveCfg = Release|Any CPU
		{E80ADB15-5B01-4CF1-9929-1F5343080A0D}.Release|Any CPU.Build.0 = Release|Any CPU
		{E5FDD3B0-B1DD-49D8-8816-EFD1468D97E6}.Debug|Any CPU.ActiveCfg = Debug|Any CPU
		{E5FDD3B0-B1DD-49D8-8816-EFD1468D97E6}.Debug|Any CPU.Build.0 = Debug|Any CPU
		{E5FDD3B0-B1DD-49D8-8816-EFD1468D97E6}.Release|Any CPU.ActiveCfg = Release|Any CPU
		{E5FDD3B0-B1DD-49D8-8816-EFD1468D97E6}.Release|Any CPU.Build.0 = Release|Any CPU
		{E06E4993-27E7-43E7-8A41-4C45006723FC}.Debug|Any CPU.ActiveCfg = Debug|Any CPU
		{E06E4993-27E7-43E7-8A41-4C45006723FC}.Debug|Any CPU.Build.0 = Debug|Any CPU
		{E06E4993-27E7-43E7-8A41-4C45006723FC}.Release|Any CPU.ActiveCfg = Release|Any CPU
		{E06E4993-27E7-43E7-8A41-4C45006723FC}.Release|Any CPU.Build.0 = Release|Any CPU
		{0B967D41-C3F7-49D5-9280-70C59004E5D2}.Debug|Any CPU.ActiveCfg = Debug|Any CPU
		{0B967D41-C3F7-49D5-9280-70C59004E5D2}.Debug|Any CPU.Build.0 = Debug|Any CPU
		{0B967D41-C3F7-49D5-9280-70C59004E5D2}.Release|Any CPU.ActiveCfg = Release|Any CPU
		{0B967D41-C3F7-49D5-9280-70C59004E5D2}.Release|Any CPU.Build.0 = Release|Any CPU
		{10CD4AF7-2DFC-4F3E-A000-E8DC0374FAB7}.Debug|Any CPU.ActiveCfg = Debug|Any CPU
		{10CD4AF7-2DFC-4F3E-A000-E8DC0374FAB7}.Debug|Any CPU.Build.0 = Debug|Any CPU
		{10CD4AF7-2DFC-4F3E-A000-E8DC0374FAB7}.Release|Any CPU.ActiveCfg = Release|Any CPU
		{10CD4AF7-2DFC-4F3E-A000-E8DC0374FAB7}.Release|Any CPU.Build.0 = Release|Any CPU
		{9E7E8F39-1FE1-4F15-852C-4B344AAFE5C5}.Debug|Any CPU.ActiveCfg = Debug|Any CPU
		{9E7E8F39-1FE1-4F15-852C-4B344AAFE5C5}.Debug|Any CPU.Build.0 = Debug|Any CPU
		{9E7E8F39-1FE1-4F15-852C-4B344AAFE5C5}.Release|Any CPU.ActiveCfg = Release|Any CPU
		{9E7E8F39-1FE1-4F15-852C-4B344AAFE5C5}.Release|Any CPU.Build.0 = Release|Any CPU
		{A4988BBA-8E86-4AC4-BCE1-25377FA24E44}.Debug|Any CPU.ActiveCfg = Debug|Any CPU
		{A4988BBA-8E86-4AC4-BCE1-25377FA24E44}.Debug|Any CPU.Build.0 = Debug|Any CPU
		{A4988BBA-8E86-4AC4-BCE1-25377FA24E44}.Release|Any CPU.ActiveCfg = Release|Any CPU
		{A4988BBA-8E86-4AC4-BCE1-25377FA24E44}.Release|Any CPU.Build.0 = Release|Any CPU
	EndGlobalSection
	GlobalSection(SolutionProperties) = preSolution
		HideSolutionNode = FALSE
	EndGlobalSection
	GlobalSection(NestedProjects) = preSolution
		{6BBA6926-5043-410C-A5AA-B32F2DF45C6A} = {FB4ED8D2-4CDF-49A3-97C7-FD814755C451}
		{0995110C-7438-421F-9577-998649CC771B} = {6BBA6926-5043-410C-A5AA-B32F2DF45C6A}
		{F18270A6-F1C7-43AD-93BE-BC651F58252F} = {FB4ED8D2-4CDF-49A3-97C7-FD814755C451}
		{528BBF4F-24BA-4D74-9546-93D88940C1AC} = {F18270A6-F1C7-43AD-93BE-BC651F58252F}
		{CB5A1130-6B2E-4786-813E-E200C4F6573C} = {FB4ED8D2-4CDF-49A3-97C7-FD814755C451}
		{4B38A1F0-EF7C-491C-8FD7-8618CD9689F3} = {CB5A1130-6B2E-4786-813E-E200C4F6573C}
		{8BBFD70C-9E18-4548-99F9-5F1D59689514} = {FB4ED8D2-4CDF-49A3-97C7-FD814755C451}
		{6CA0700B-3AAC-4F64-A90F-99933D94D2F3} = {8BBFD70C-9E18-4548-99F9-5F1D59689514}
		{E9A24AF1-0533-43EB-BD64-9928514BEF3F} = {8BBFD70C-9E18-4548-99F9-5F1D59689514}
		{1697C91F-DBC5-480C-A3BC-5525E29DE133} = {FB4ED8D2-4CDF-49A3-97C7-FD814755C451}
		{9903EBDE-F29B-4A64-8BD2-24E07FD5AD74} = {1697C91F-DBC5-480C-A3BC-5525E29DE133}
		{CD7E81E7-1CC9-464B-9A18-588EBFB9EC1D} = {6BBA6926-5043-410C-A5AA-B32F2DF45C6A}
		{1D999D3C-F6DF-4246-B0ED-8506216E70C8} = {FB4ED8D2-4CDF-49A3-97C7-FD814755C451}
		{1FDF56DD-0FB9-47A2-8241-A1EEA2823861} = {1D999D3C-F6DF-4246-B0ED-8506216E70C8}
		{2C3D8D6B-40C2-416E-87F0-B958BDD73346} = {FB4ED8D2-4CDF-49A3-97C7-FD814755C451}
		{AB67CE04-B7A8-4981-9ACD-3729C84CCFE3} = {2C3D8D6B-40C2-416E-87F0-B958BDD73346}
		{E0D70FC5-AC9E-410A-B0AF-9B9E8BE11EB6} = {2C3D8D6B-40C2-416E-87F0-B958BDD73346}
		{2380DF60-9772-480E-922E-331D6DD30D6B} = {FB4ED8D2-4CDF-49A3-97C7-FD814755C451}
		{5C2F2331-F71C-4CA3-BB94-31F31998ED22} = {2380DF60-9772-480E-922E-331D6DD30D6B}
		{5BB903A7-F254-4D58-8A26-C03ADD7743A2} = {FB4ED8D2-4CDF-49A3-97C7-FD814755C451}
		{64ABA335-848E-4C2B-8C77-826610D76F6C} = {5BB903A7-F254-4D58-8A26-C03ADD7743A2}
		{CC41A44F-5AFE-4F26-8993-51F0436F5D43} = {FB4ED8D2-4CDF-49A3-97C7-FD814755C451}
		{82EF36C6-48A3-4F73-83A1-0A1A7834025B} = {CC41A44F-5AFE-4F26-8993-51F0436F5D43}
		{FA51A1E6-9E6B-4B82-85D5-B107B060A1F8} = {FB4ED8D2-4CDF-49A3-97C7-FD814755C451}
		{E80ADB15-5B01-4CF1-9929-1F5343080A0D} = {FA51A1E6-9E6B-4B82-85D5-B107B060A1F8}
		{E5FDD3B0-B1DD-49D8-8816-EFD1468D97E6} = {FA51A1E6-9E6B-4B82-85D5-B107B060A1F8}
		{503EE20E-C61D-4062-9305-BE45A20B9DA8} = {FB4ED8D2-4CDF-49A3-97C7-FD814755C451}
		{E06E4993-27E7-43E7-8A41-4C45006723FC} = {503EE20E-C61D-4062-9305-BE45A20B9DA8}
		{D999F126-8212-4487-AAE1-B518890F8617} = {FB4ED8D2-4CDF-49A3-97C7-FD814755C451}
		{0B967D41-C3F7-49D5-9280-70C59004E5D2} = {D999F126-8212-4487-AAE1-B518890F8617}
		{10CD4AF7-2DFC-4F3E-A000-E8DC0374FAB7} = {D999F126-8212-4487-AAE1-B518890F8617}
		{9DB7BAF7-7348-45D2-91C1-25DE91B94DEF} = {FB4ED8D2-4CDF-49A3-97C7-FD814755C451}
		{9E7E8F39-1FE1-4F15-852C-4B344AAFE5C5} = {9DB7BAF7-7348-45D2-91C1-25DE91B94DEF}
		{0D8AE14A-617A-4C1F-9FD1-9750907F9277} = {FB4ED8D2-4CDF-49A3-97C7-FD814755C451}
		{A4988BBA-8E86-4AC4-BCE1-25377FA24E44} = {0D8AE14A-617A-4C1F-9FD1-9750907F9277}
	EndGlobalSection
EndGlobal
