
Microsoft Visual Studio Solution File, Format Version 12.00
# Visual Studio 14
VisualStudioVersion = 14.0.25420.1
MinimumVisualStudioVersion = 10.0.40219.1
Project("{2150E333-8FDC-42A3-9474-1A3956D46DE8}") = "Common", "Common", "{5957BE99-2162-4812-B103-265E5DC209FB}"
EndProject
Project("{2150E333-8FDC-42A3-9474-1A3956D46DE8}") = "Tools", "Tools", "{FB4ED8D2-4CDF-49A3-97C7-FD814755C451}"
EndProject
Project("{2150E333-8FDC-42A3-9474-1A3956D46DE8}") = "String", "String", "{6BBA6926-5043-410C-A5AA-B32F2DF45C6A}"
EndProject
Project("{FAE04EC0-301F-11D3-BF4B-00C04F79EFBC}") = "String", "Tools\String\String\String.csproj", "{0995110C-7438-421F-9577-998649CC771B}"
EndProject
Project("{2150E333-8FDC-42A3-9474-1A3956D46DE8}") = "FetchXML", "FetchXML", "{F18270A6-F1C7-43AD-93BE-BC651F58252F}"
EndProject
Project("{FAE04EC0-301F-11D3-BF4B-00C04F79EFBC}") = "FetchXML", "Tools\FetchXML\FetchXML\FetchXML.csproj", "{528BBF4F-24BA-4D74-9546-93D88940C1AC}"
EndProject
Project("{FAE04EC0-301F-11D3-BF4B-00C04F79EFBC}") = "Common", "Common\Common\Common.csproj", "{BA975349-739A-4B4F-8003-499E62DEA6BC}"
EndProject
Project("{FAE04EC0-301F-11D3-BF4B-00C04F79EFBC}") = "Common Workflow", "Common\Common Workflow\Common Workflow.csproj", "{284E4B2F-4072-4F7B-8D5F-C91F7108E839}"
EndProject
Project("{2150E333-8FDC-42A3-9474-1A3956D46DE8}") = "Web", "Web", "{CB5A1130-6B2E-4786-813E-E200C4F6573C}"
EndProject
Project("{FAE04EC0-301F-11D3-BF4B-00C04F79EFBC}") = "Web", "Tools\Web\Web\Web.csproj", "{4B38A1F0-EF7C-491C-8FD7-8618CD9689F3}"
EndProject
Project("{2150E333-8FDC-42A3-9474-1A3956D46DE8}") = "Variable", "Variable", "{8BBFD70C-9E18-4548-99F9-5F1D59689514}"
EndProject
Project("{FAE04EC0-301F-11D3-BF4B-00C04F79EFBC}") = "Variable", "Tools\Variable\Variable\Variable.csproj", "{6CA0700B-3AAC-4F64-A90F-99933D94D2F3}"
EndProject
Project("{FAE04EC0-301F-11D3-BF4B-00C04F79EFBC}") = "Variable Tests", "Tools\Variable\Variable Tests\Variable Tests.csproj", "{E9A24AF1-0533-43EB-BD64-9928514BEF3F}"
EndProject
Project("{FAE04EC0-301F-11D3-BF4B-00C04F79EFBC}") = "Common Testing", "Common\Common Testing\Common Testing.csproj", "{B650882C-4A5B-4ECA-A3A2-A86F86F878C5}"
EndProject
Project("{FAE04EC0-301F-11D3-BF4B-00C04F79EFBC}") = "Common Workflow Testing", "Common\Common Workflow Testing\Common Workflow Testing.csproj", "{3DE0A92F-E73F-4DDA-A9E7-AE65DBE14F41}"
EndProject
Project("{2150E333-8FDC-42A3-9474-1A3956D46DE8}") = "User", "User", "{1697C91F-DBC5-480C-A3BC-5525E29DE133}"
EndProject
Project("{FAE04EC0-301F-11D3-BF4B-00C04F79EFBC}") = "User", "Tools\User\User\User.csproj", "{9903EBDE-F29B-4A64-8BD2-24E07FD5AD74}"
EndProject
Project("{FAE04EC0-301F-11D3-BF4B-00C04F79EFBC}") = "Common Plug-ins", "Common\Common Plug-ins\Common Plug-ins.csproj", "{E159054D-DFF5-4CAE-8EA0-2B8F5E28EE60}"
EndProject
Project("{FAE04EC0-301F-11D3-BF4B-00C04F79EFBC}") = "String Tests", "Tools\String\String Tests\String Tests.csproj", "{CD7E81E7-1CC9-464B-9A18-588EBFB9EC1D}"
EndProject
Global
	GlobalSection(SolutionConfigurationPlatforms) = preSolution
		Debug|Any CPU = Debug|Any CPU
		Release|Any CPU = Release|Any CPU
	EndGlobalSection
	GlobalSection(ProjectConfigurationPlatforms) = postSolution
		{0995110C-7438-421F-9577-998649CC771B}.Debug|Any CPU.ActiveCfg = Debug|Any CPU
		{0995110C-7438-421F-9577-998649CC771B}.Debug|Any CPU.Build.0 = Debug|Any CPU
		{0995110C-7438-421F-9577-998649CC771B}.Release|Any CPU.ActiveCfg = Release|Any CPU
		{0995110C-7438-421F-9577-998649CC771B}.Release|Any CPU.Build.0 = Release|Any CPU
		{528BBF4F-24BA-4D74-9546-93D88940C1AC}.Debug|Any CPU.ActiveCfg = Debug|Any CPU
		{528BBF4F-24BA-4D74-9546-93D88940C1AC}.Debug|Any CPU.Build.0 = Debug|Any CPU
		{528BBF4F-24BA-4D74-9546-93D88940C1AC}.Release|Any CPU.ActiveCfg = Release|Any CPU
		{528BBF4F-24BA-4D74-9546-93D88940C1AC}.Release|Any CPU.Build.0 = Release|Any CPU
		{BA975349-739A-4B4F-8003-499E62DEA6BC}.Debug|Any CPU.ActiveCfg = Debug|Any CPU
		{BA975349-739A-4B4F-8003-499E62DEA6BC}.Debug|Any CPU.Build.0 = Debug|Any CPU
		{BA975349-739A-4B4F-8003-499E62DEA6BC}.Release|Any CPU.ActiveCfg = Release|Any CPU
		{BA975349-739A-4B4F-8003-499E62DEA6BC}.Release|Any CPU.Build.0 = Release|Any CPU
		{284E4B2F-4072-4F7B-8D5F-C91F7108E839}.Debug|Any CPU.ActiveCfg = Debug|Any CPU
		{284E4B2F-4072-4F7B-8D5F-C91F7108E839}.Debug|Any CPU.Build.0 = Debug|Any CPU
		{284E4B2F-4072-4F7B-8D5F-C91F7108E839}.Release|Any CPU.ActiveCfg = Release|Any CPU
		{284E4B2F-4072-4F7B-8D5F-C91F7108E839}.Release|Any CPU.Build.0 = Release|Any CPU
		{4B38A1F0-EF7C-491C-8FD7-8618CD9689F3}.Debug|Any CPU.ActiveCfg = Debug|Any CPU
		{4B38A1F0-EF7C-491C-8FD7-8618CD9689F3}.Debug|Any CPU.Build.0 = Debug|Any CPU
		{4B38A1F0-EF7C-491C-8FD7-8618CD9689F3}.Release|Any CPU.ActiveCfg = Release|Any CPU
		{4B38A1F0-EF7C-491C-8FD7-8618CD9689F3}.Release|Any CPU.Build.0 = Release|Any CPU
		{6CA0700B-3AAC-4F64-A90F-99933D94D2F3}.Debug|Any CPU.ActiveCfg = Debug|Any CPU
		{6CA0700B-3AAC-4F64-A90F-99933D94D2F3}.Debug|Any CPU.Build.0 = Debug|Any CPU
		{6CA0700B-3AAC-4F64-A90F-99933D94D2F3}.Release|Any CPU.ActiveCfg = Release|Any CPU
		{6CA0700B-3AAC-4F64-A90F-99933D94D2F3}.Release|Any CPU.Build.0 = Release|Any CPU
		{E9A24AF1-0533-43EB-BD64-9928514BEF3F}.Debug|Any CPU.ActiveCfg = Debug|Any CPU
		{E9A24AF1-0533-43EB-BD64-9928514BEF3F}.Debug|Any CPU.Build.0 = Debug|Any CPU
		{E9A24AF1-0533-43EB-BD64-9928514BEF3F}.Release|Any CPU.ActiveCfg = Release|Any CPU
		{E9A24AF1-0533-43EB-BD64-9928514BEF3F}.Release|Any CPU.Build.0 = Release|Any CPU
		{B650882C-4A5B-4ECA-A3A2-A86F86F878C5}.Debug|Any CPU.ActiveCfg = Debug|Any CPU
		{B650882C-4A5B-4ECA-A3A2-A86F86F878C5}.Debug|Any CPU.Build.0 = Debug|Any CPU
		{B650882C-4A5B-4ECA-A3A2-A86F86F878C5}.Release|Any CPU.ActiveCfg = Release|Any CPU
		{B650882C-4A5B-4ECA-A3A2-A86F86F878C5}.Release|Any CPU.Build.0 = Release|Any CPU
		{3DE0A92F-E73F-4DDA-A9E7-AE65DBE14F41}.Debug|Any CPU.ActiveCfg = Debug|Any CPU
		{3DE0A92F-E73F-4DDA-A9E7-AE65DBE14F41}.Debug|Any CPU.Build.0 = Debug|Any CPU
		{3DE0A92F-E73F-4DDA-A9E7-AE65DBE14F41}.Release|Any CPU.ActiveCfg = Release|Any CPU
		{3DE0A92F-E73F-4DDA-A9E7-AE65DBE14F41}.Release|Any CPU.Build.0 = Release|Any CPU
		{9903EBDE-F29B-4A64-8BD2-24E07FD5AD74}.Debug|Any CPU.ActiveCfg = Debug|Any CPU
		{9903EBDE-F29B-4A64-8BD2-24E07FD5AD74}.Debug|Any CPU.Build.0 = Debug|Any CPU
		{9903EBDE-F29B-4A64-8BD2-24E07FD5AD74}.Release|Any CPU.ActiveCfg = Release|Any CPU
		{9903EBDE-F29B-4A64-8BD2-24E07FD5AD74}.Release|Any CPU.Build.0 = Release|Any CPU
		{E159054D-DFF5-4CAE-8EA0-2B8F5E28EE60}.Debug|Any CPU.ActiveCfg = Debug|Any CPU
		{E159054D-DFF5-4CAE-8EA0-2B8F5E28EE60}.Debug|Any CPU.Build.0 = Debug|Any CPU
		{E159054D-DFF5-4CAE-8EA0-2B8F5E28EE60}.Release|Any CPU.ActiveCfg = Release|Any CPU
		{E159054D-DFF5-4CAE-8EA0-2B8F5E28EE60}.Release|Any CPU.Build.0 = Release|Any CPU
		{CD7E81E7-1CC9-464B-9A18-588EBFB9EC1D}.Debug|Any CPU.ActiveCfg = Debug|Any CPU
		{CD7E81E7-1CC9-464B-9A18-588EBFB9EC1D}.Debug|Any CPU.Build.0 = Debug|Any CPU
		{CD7E81E7-1CC9-464B-9A18-588EBFB9EC1D}.Release|Any CPU.ActiveCfg = Release|Any CPU
		{CD7E81E7-1CC9-464B-9A18-588EBFB9EC1D}.Release|Any CPU.Build.0 = Release|Any CPU
	EndGlobalSection
	GlobalSection(SolutionProperties) = preSolution
		HideSolutionNode = FALSE
	EndGlobalSection
	GlobalSection(NestedProjects) = preSolution
		{6BBA6926-5043-410C-A5AA-B32F2DF45C6A} = {FB4ED8D2-4CDF-49A3-97C7-FD814755C451}
		{0995110C-7438-421F-9577-998649CC771B} = {6BBA6926-5043-410C-A5AA-B32F2DF45C6A}
		{F18270A6-F1C7-43AD-93BE-BC651F58252F} = {FB4ED8D2-4CDF-49A3-97C7-FD814755C451}
		{528BBF4F-24BA-4D74-9546-93D88940C1AC} = {F18270A6-F1C7-43AD-93BE-BC651F58252F}
		{BA975349-739A-4B4F-8003-499E62DEA6BC} = {5957BE99-2162-4812-B103-265E5DC209FB}
		{284E4B2F-4072-4F7B-8D5F-C91F7108E839} = {5957BE99-2162-4812-B103-265E5DC209FB}
		{CB5A1130-6B2E-4786-813E-E200C4F6573C} = {FB4ED8D2-4CDF-49A3-97C7-FD814755C451}
		{4B38A1F0-EF7C-491C-8FD7-8618CD9689F3} = {CB5A1130-6B2E-4786-813E-E200C4F6573C}
		{8BBFD70C-9E18-4548-99F9-5F1D59689514} = {FB4ED8D2-4CDF-49A3-97C7-FD814755C451}
		{6CA0700B-3AAC-4F64-A90F-99933D94D2F3} = {8BBFD70C-9E18-4548-99F9-5F1D59689514}
		{E9A24AF1-0533-43EB-BD64-9928514BEF3F} = {8BBFD70C-9E18-4548-99F9-5F1D59689514}
		{B650882C-4A5B-4ECA-A3A2-A86F86F878C5} = {5957BE99-2162-4812-B103-265E5DC209FB}
		{3DE0A92F-E73F-4DDA-A9E7-AE65DBE14F41} = {5957BE99-2162-4812-B103-265E5DC209FB}
		{1697C91F-DBC5-480C-A3BC-5525E29DE133} = {FB4ED8D2-4CDF-49A3-97C7-FD814755C451}
		{9903EBDE-F29B-4A64-8BD2-24E07FD5AD74} = {1697C91F-DBC5-480C-A3BC-5525E29DE133}
		{E159054D-DFF5-4CAE-8EA0-2B8F5E28EE60} = {5957BE99-2162-4812-B103-265E5DC209FB}
		{CD7E81E7-1CC9-464B-9A18-588EBFB9EC1D} = {6BBA6926-5043-410C-A5AA-B32F2DF45C6A}
	EndGlobalSection
EndGlobal
